dependencies:
  78/esp-wifi-connect:
    component_hash: 2774077ebdc43a871ad134b9048aaeb59b10d4599e839be2b5a634f5b2a023e9
    dependencies:
    - matches:
      - if: idf_version >=6.0
      name: espressif/cjson
      registry_url: https://components.espressif.com
      require: private
      version: ^1.7.19
    - name: idf
      require: private
      version: '>=5.3'
    source:
      registry_url: https://components.espressif.com/
      type: service
    version: 3.1.5
  espressif/esp_websocket_client:
    component_hash: 8280960def8af4f84bc58d2d76f55357cd1387775cbc2e0a6b3ca229aa7e209e
    dependencies:
    - name: idf
      require: private
      version: '>=5.0'
    source:
      registry_url: https://components.espressif.com/
      type: service
    version: 1.3.0
  idf:
    source:
      type: idf
    version: 5.5.0
  lvgl/lvgl:
    component_hash: 948bff879a345149b83065535bbc4a026ce9f47498a22881e432a264b9098015
    dependencies: []
    source:
      registry_url: https://components.espressif.com/
      type: service
    version: 8.3.11
direct_dependencies:
- 78/esp-wifi-connect
- espressif/esp_websocket_client
- lvgl/lvgl
manifest_hash: 093b778a7a41fbecb8abf6f073a3d573c00fbd7a59f12bf9f845f4d3e1bd8d58
target: esp32s3
version: 2.0.0
